{
  "name": "js_tutorial",
  "lockfileVersion": 2,
  "requires": true,
  "packages": {
    "": {
      "dependencies": {
        "mrstego-palindrome": "^0.2.0"
      }
    },
    "node_modules/mrstego-palindrome": {
      "version": "0.2.0",
      "resolved": "https://registry.npmjs.org/mrstego-palindrome/-/mrstego-palindrome-0.2.0.tgz",
      "integrity": "sha512-gLN7zGLy5oCMJjB34J+wU2R46UF6I/5owce3Sp8XVpfyGVvMxYwP9zx34pOgQxmKnhr7E0wD/phGnpocn6xeqw=="
    }
  },
  "dependencies": {
    "mrstego-palindrome": {
      "version": "0.2.0",
      "resolved": "https://registry.npmjs.org/mrstego-palindrome/-/mrstego-palindrome-0.2.0.tgz",
      "integrity": "sha512-gLN7zGLy5oCMJjB34J+wU2R46UF6I/5owce3Sp8XVpfyGVvMxYwP9zx34pOgQxmKnhr7E0wD/phGnpocn6xeqw=="
    }
  }
}
