{
  "requires": true,
  "lockfileVersion": 1,
  "dependencies": {
    "mrstego-palindrome": {
      "version": "0.1.0",
      "resolved": "https://registry.npmjs.org/mrstego-palindrome/-/mrstego-palindrome-0.1.0.tgz",
      "integrity": "sha512-jezYc7dRY+OLVQzWWYV4ma3FdyH9R/TT66BuHfghhi7GDF0PvbZQi5Gr5kQt671Mcqcih5pusDVgehDbDw/W4w=="
    }
  }
}
